{
  "version": 4,
  "terraform_version": "1.14.8",
  "serial": 1,
  "lineage": "e709e4bc-32a3-5b47-fab3-30eddd0663f7",
  "outputs": {},
  "resources": [
    {
      "mode": "managed",
      "type": "docker_image",
      "name": "postgres",
      "provider": "provider[\"registry.terraform.io/kreuzwerker/docker\"]",
      "instances": [
        {
          "schema_version": 0,
          "attributes": {
            "build": [],
            "force_remove": null,
            "id": "sha256:fceb6f86328c36f2438fae3b851b0cc57c4a7e69a58c866d9ce24281f2cf0c9cpostgres:15-alpine",
            "image_id": "sha256:fceb6f86328c36f2438fae3b851b0cc57c4a7e69a58c866d9ce24281f2cf0c9c",
            "keep_locally": false,
            "name": "postgres:15-alpine",
            "platform": null,
            "pull_triggers": null,
            "repo_digest": "postgres@sha256:fceb6f86328c36f2438fae3b851b0cc57c4a7e69a58c866d9ce24281f2cf0c9c",
            "triggers": null
          },
          "sensitive_attributes": [],
          "identity_schema_version": 0,
          "private": "bnVsbA=="
        }
      ]
    }
  ],
  "check_results": null
}
